
Microsoft Visual Studio Solution File, Format Version 12.00
# Visual Studio 15
VisualStudioVersion = 15.0.27703.2000
MinimumVisualStudioVersion = 10.0.40219.1
Project("{9A19103F-16F7-4668-BE54-9A1E7A4F7556}") = "AwesomePatterns", "AwesomePatterns\AwesomePatterns.csproj", "{3BC57C26-BDF8-4543-9234-3ADE0E9234A2}"
	ProjectSection(ProjectDependencies) = postProject
		{71B4CDF3-07C6-42EE-8630-BFD25F328E32} = {71B4CDF3-07C6-42EE-8630-BFD25F328E32}
	EndProjectSection
EndProject
Project("{9A19103F-16F7-4668-BE54-9A1E7A4F7556}") = "SwaggerWebAPI", "SwaggerWebAPI\SwaggerWebAPI.csproj", "{71B4CDF3-07C6-42EE-8630-BFD25F328E32}"
EndProject
Project("{9A19103F-16F7-4668-BE54-9A1E7A4F7556}") = "SwaggerWebAPITest", "SwaggerWebAPITest\SwaggerWebAPITest.csproj", "{2FB01FCF-99FE-4EB8-B0DF-182F9954CB1B}"
EndProject
Project("{9A19103F-16F7-4668-BE54-9A1E7A4F7556}") = "WebAPIExample.Site", "WebAPIExample\WebAPIExample.Site.csproj", "{D843929F-00D5-4EC1-A2B8-34548EC8AD16}"
EndProject
Project("{FAE04EC0-301F-11D3-BF4B-00C04F79EFBC}") = "WebAPIExample.Domain", "WebAPIExample.Domain\WebAPIExample.Domain.csproj", "{180C0CEB-C4DE-4658-8E13-F7538EDADF15}"
EndProject
Project("{FAE04EC0-301F-11D3-BF4B-00C04F79EFBC}") = "WebAPIExample.Application", "WebAPIExample.Application\WebAPIExample.Application.csproj", "{C918BF37-9799-4E79-875C-9F79D8F96133}"
EndProject
Project("{FAE04EC0-301F-11D3-BF4B-00C04F79EFBC}") = "WebAPIExample.Infrastructure", "WebAPIExample.Infrastructure\WebAPIExample.Infrastructure.csproj", "{A08CB4F5-8D17-42D1-8979-9EC88D8C8E1F}"
EndProject
Global
	GlobalSection(SolutionConfigurationPlatforms) = preSolution
		Debug|Any CPU = Debug|Any CPU
		Release|Any CPU = Release|Any CPU
	EndGlobalSection
	GlobalSection(ProjectConfigurationPlatforms) = postSolution
		{3BC57C26-BDF8-4543-9234-3ADE0E9234A2}.Debug|Any CPU.ActiveCfg = Debug|Any CPU
		{3BC57C26-BDF8-4543-9234-3ADE0E9234A2}.Debug|Any CPU.Build.0 = Debug|Any CPU
		{3BC57C26-BDF8-4543-9234-3ADE0E9234A2}.Release|Any CPU.ActiveCfg = Release|Any CPU
		{3BC57C26-BDF8-4543-9234-3ADE0E9234A2}.Release|Any CPU.Build.0 = Release|Any CPU
		{71B4CDF3-07C6-42EE-8630-BFD25F328E32}.Debug|Any CPU.ActiveCfg = Debug|Any CPU
		{71B4CDF3-07C6-42EE-8630-BFD25F328E32}.Debug|Any CPU.Build.0 = Debug|Any CPU
		{71B4CDF3-07C6-42EE-8630-BFD25F328E32}.Release|Any CPU.ActiveCfg = Release|Any CPU
		{71B4CDF3-07C6-42EE-8630-BFD25F328E32}.Release|Any CPU.Build.0 = Release|Any CPU
		{2FB01FCF-99FE-4EB8-B0DF-182F9954CB1B}.Debug|Any CPU.ActiveCfg = Debug|Any CPU
		{2FB01FCF-99FE-4EB8-B0DF-182F9954CB1B}.Debug|Any CPU.Build.0 = Debug|Any CPU
		{2FB01FCF-99FE-4EB8-B0DF-182F9954CB1B}.Release|Any CPU.ActiveCfg = Release|Any CPU
		{2FB01FCF-99FE-4EB8-B0DF-182F9954CB1B}.Release|Any CPU.Build.0 = Release|Any CPU
		{D843929F-00D5-4EC1-A2B8-34548EC8AD16}.Debug|Any CPU.ActiveCfg = Debug|Any CPU
		{D843929F-00D5-4EC1-A2B8-34548EC8AD16}.Debug|Any CPU.Build.0 = Debug|Any CPU
		{D843929F-00D5-4EC1-A2B8-34548EC8AD16}.Release|Any CPU.ActiveCfg = Release|Any CPU
		{D843929F-00D5-4EC1-A2B8-34548EC8AD16}.Release|Any CPU.Build.0 = Release|Any CPU
		{180C0CEB-C4DE-4658-8E13-F7538EDADF15}.Debug|Any CPU.ActiveCfg = Debug|Any CPU
		{180C0CEB-C4DE-4658-8E13-F7538EDADF15}.Debug|Any CPU.Build.0 = Debug|Any CPU
		{180C0CEB-C4DE-4658-8E13-F7538EDADF15}.Release|Any CPU.ActiveCfg = Release|Any CPU
		{180C0CEB-C4DE-4658-8E13-F7538EDADF15}.Release|Any CPU.Build.0 = Release|Any CPU
		{C918BF37-9799-4E79-875C-9F79D8F96133}.Debug|Any CPU.ActiveCfg = Debug|Any CPU
		{C918BF37-9799-4E79-875C-9F79D8F96133}.Debug|Any CPU.Build.0 = Debug|Any CPU
		{C918BF37-9799-4E79-875C-9F79D8F96133}.Release|Any CPU.ActiveCfg = Release|Any CPU
		{C918BF37-9799-4E79-875C-9F79D8F96133}.Release|Any CPU.Build.0 = Release|Any CPU
		{A08CB4F5-8D17-42D1-8979-9EC88D8C8E1F}.Debug|Any CPU.ActiveCfg = Debug|Any CPU
		{A08CB4F5-8D17-42D1-8979-9EC88D8C8E1F}.Debug|Any CPU.Build.0 = Debug|Any CPU
		{A08CB4F5-8D17-42D1-8979-9EC88D8C8E1F}.Release|Any CPU.ActiveCfg = Release|Any CPU
		{A08CB4F5-8D17-42D1-8979-9EC88D8C8E1F}.Release|Any CPU.Build.0 = Release|Any CPU
	EndGlobalSection
	GlobalSection(SolutionProperties) = preSolution
		HideSolutionNode = FALSE
	EndGlobalSection
	GlobalSection(ExtensibilityGlobals) = postSolution
		SolutionGuid = {89589261-B028-480B-977C-35B3415D86BF}
	EndGlobalSection
EndGlobal
